
Microsoft Visual Studio Solution File, Format Version 12.00
# Visual Studio Version 17
VisualStudioVersion = 17.3.32708.82
MinimumVisualStudioVersion = 10.0.40219.1
Project("{9A19103F-16F7-4668-BE54-9A1E7A4F7556}") = "ReversoApi", "ReversoApi.csproj", "{5C994B2E-E100-4120-9461-AC7ECF5F65F5}"
EndProject
Project("{9A19103F-16F7-4668-BE54-9A1E7A4F7556}") = "TgBot", "..\TgBot\TgBot.csproj", "{6E0B4647-D2B7-4C5F-8F0B-32742FA2717D}"
EndProject
Project("{9A19103F-16F7-4668-BE54-9A1E7A4F7556}") = "WebBot", "..\WebBot\WebBot.csproj", "{426BFD8A-FA76-47ED-8A17-9F092085988E}"
EndProject
Project("{9A19103F-16F7-4668-BE54-9A1E7A4F7556}") = "Model", "..\Model\Model.csproj", "{ADF39B3C-8549-4C8F-9846-7E315EB7D278}"
EndProject
Project("{FAE04EC0-301F-11D3-BF4B-00C04F79EFBC}") = "MemorizerTests", "..\MemorizerTests\MemorizerTests.csproj", "{ED43E920-3CBE-427B-98ED-82DAABCC27AB}"
EndProject
Global
	GlobalSection(SolutionConfigurationPlatforms) = preSolution
		Debug|Any CPU = Debug|Any CPU
		Release|Any CPU = Release|Any CPU
	EndGlobalSection
	GlobalSection(ProjectConfigurationPlatforms) = postSolution
		{5C994B2E-E100-4120-9461-AC7ECF5F65F5}.Debug|Any CPU.ActiveCfg = Debug|Any CPU
		{5C994B2E-E100-4120-9461-AC7ECF5F65F5}.Debug|Any CPU.Build.0 = Debug|Any CPU
		{5C994B2E-E100-4120-9461-AC7ECF5F65F5}.Release|Any CPU.ActiveCfg = Release|Any CPU
		{5C994B2E-E100-4120-9461-AC7ECF5F65F5}.Release|Any CPU.Build.0 = Release|Any CPU
		{6E0B4647-D2B7-4C5F-8F0B-32742FA2717D}.Debug|Any CPU.ActiveCfg = Debug|Any CPU
		{6E0B4647-D2B7-4C5F-8F0B-32742FA2717D}.Debug|Any CPU.Build.0 = Debug|Any CPU
		{6E0B4647-D2B7-4C5F-8F0B-32742FA2717D}.Release|Any CPU.ActiveCfg = Release|Any CPU
		{6E0B4647-D2B7-4C5F-8F0B-32742FA2717D}.Release|Any CPU.Build.0 = Release|Any CPU
		{426BFD8A-FA76-47ED-8A17-9F092085988E}.Debug|Any CPU.ActiveCfg = Debug|Any CPU
		{426BFD8A-FA76-47ED-8A17-9F092085988E}.Debug|Any CPU.Build.0 = Debug|Any CPU
		{426BFD8A-FA76-47ED-8A17-9F092085988E}.Release|Any CPU.ActiveCfg = Release|Any CPU
		{426BFD8A-FA76-47ED-8A17-9F092085988E}.Release|Any CPU.Build.0 = Release|Any CPU
		{ADF39B3C-8549-4C8F-9846-7E315EB7D278}.Debug|Any CPU.ActiveCfg = Debug|Any CPU
		{ADF39B3C-8549-4C8F-9846-7E315EB7D278}.Debug|Any CPU.Build.0 = Debug|Any CPU
		{ADF39B3C-8549-4C8F-9846-7E315EB7D278}.Release|Any CPU.ActiveCfg = Release|Any CPU
		{ADF39B3C-8549-4C8F-9846-7E315EB7D278}.Release|Any CPU.Build.0 = Release|Any CPU
		{ED43E920-3CBE-427B-98ED-82DAABCC27AB}.Debug|Any CPU.ActiveCfg = Debug|Any CPU
		{ED43E920-3CBE-427B-98ED-82DAABCC27AB}.Debug|Any CPU.Build.0 = Debug|Any CPU
		{ED43E920-3CBE-427B-98ED-82DAABCC27AB}.Release|Any CPU.ActiveCfg = Release|Any CPU
		{ED43E920-3CBE-427B-98ED-82DAABCC27AB}.Release|Any CPU.Build.0 = Release|Any CPU
	EndGlobalSection
	GlobalSection(SolutionProperties) = preSolution
		HideSolutionNode = FALSE
	EndGlobalSection
	GlobalSection(ExtensibilityGlobals) = postSolution
		SolutionGuid = {A298E034-AFD1-427C-815A-679D87DBE39D}
	EndGlobalSection
EndGlobal
